
Microsoft Visual Studio Solution File, Format Version 12.00
# Visual Studio Version 17
VisualStudioVersion = 17.5.002.0
MinimumVisualStudioVersion = 10.0.40219.1
Project("{9A19103F-16F7-4668-BE54-9A1E7A4F7556}") = "efcoreRestFull", "efcoreRestFull.csproj", "{8AFAF67D-1234-4376-B0A7-1747636A5E27}"
EndProject
Global
	GlobalSection(SolutionConfigurationPlatforms) = preSolution
		Debug|Any CPU = Debug|Any CPU
		Release|Any CPU = Release|Any CPU
	EndGlobalSection
	GlobalSection(ProjectConfigurationPlatforms) = postSolution
		{8AFAF67D-1234-4376-B0A7-1747636A5E27}.Debug|Any CPU.ActiveCfg = Debug|Any CPU
		{8AFAF67D-1234-4376-B0A7-1747636A5E27}.Debug|Any CPU.Build.0 = Debug|Any CPU
		{8AFAF67D-1234-4376-B0A7-1747636A5E27}.Release|Any CPU.ActiveCfg = Release|Any CPU
		{8AFAF67D-1234-4376-B0A7-1747636A5E27}.Release|Any CPU.Build.0 = Release|Any CPU
	EndGlobalSection
	GlobalSection(SolutionProperties) = preSolution
		HideSolutionNode = FALSE
	EndGlobalSection
	GlobalSection(ExtensibilityGlobals) = postSolution
		SolutionGuid = {54D5DCF1-CD50-4572-BB73-751815A85A3C}
	EndGlobalSection
EndGlobal
